{
  "nodes": {
    "catppuccin": {
      "inputs": {
        "nixpkgs": "nixpkgs"
      },
      "locked": {
        "lastModified": 1791212692,
        "narHash": "sha256-oPAfsTRNqAFsycAirLU05uTVKo3MaZf7fz88ekCeoO8=",
        "owner": "catppuccin",
        "repo": "nix",
        "rev": "0c0335a1a6d326adb5a5e116aae0d51c7041b2e5",
        "type": "github"
      },
      "original": {
        "owner": "catppuccin",
        "repo": "nix",
        "type": "github"
      }
    },
    "easy-hosts": {
      "locked": {
        "lastModified": 1779046777,
        "narHash": "sha256-pwM/welCvrTZwJFGhDFfZBD2WtbW1rUk+NTBv91rlEA=",
        "owner": "tgirlcloud",
        "repo": "easy-hosts",
        "rev": "218aa628740073cbaf136a3c4cfcdc90a61dd84f",
        "type": "github"
      },
      "original": {
        "owner": "tgirlcloud",
        "repo": "easy-hosts",
        "type": "github"
      }
    },
    "flake-parts": {
      "inputs": {
        "nixpkgs-lib": [
          "nixpkgs"
        ]
      },
      "locked": {
        "lastModified": 1790898470,
        "narHash": "sha256-zTwuwezD0w3hpga6a6P8emidzAZFyWqlNeRBlpWOOl8=",
        "owner": "hercules-ci",
        "repo": "flake-parts",
        "rev": "024633cd702b10285db5cb19b40ad48d2399ba60",
        "type": "github"
      },
      "original": {
        "owner": "hercules-ci",
        "repo": "flake-parts",
        "type": "github"
      }
    },
    "home-manager": {
      "inputs": {
        "nixpkgs": [
          "nixpkgs"
        ]
      },
      "locked": {
        "lastModified": 1791306979,
        "narHash": "sha256-KuLePuhwJM9NLt/gTLHzXaOoSZKGoB3m7NfXjiQ98HY=",
        "owner": "nix-community",
        "repo": "home-manager",
        "rev": "fae6e9e42c3b762ab47635cddcfaf6f52374a61b",
        "type": "github"
      },
      "original": {
        "owner": "nix-community",
        "repo": "home-manager",
        "type": "github"
      }
    },
    "nixpkgs": {
      "locked": {
        "lastModified": 1790652569,
        "narHash": "sha256-k8Fu4c9Z+4Nh7mUr0cfw++ITQiyEhlWxoJBOkI3tOcQ=",
        "rev": "b6c8664de9b6cc07fe5666a29f91884ba81197c4",
        "type": "tarball",
        "url": "https://releases.nixos.org/nixpkgs/nixpkgs-26.11pre1082290.b6c8664de9b6/nixexprs.tar.xz"
      },
      "original": {
        "type": "tarball",
        "url": "https://channels.nixos.org/nixpkgs-unstable/nixexprs.tar.xz"
      }
    },
    "nixpkgs_2": {
      "locked": {
        "lastModified": 1791336361,
        "narHash": "sha256-7WQwlykef1x8n7aoyw4XP6882i2NRs5F6dVCXZ1NI1g=",
        "rev": "7dd199b0e2993e37b4775ed66b1c291699608c9f",
        "type": "tarball",
        "url": "https://releases.nixos.org/nixpkgs/nixpkgs-26.11pre1086972.7dd199b0e299/nixexprs.tar.zst?lastModified=1791336361&rev=7dd199b0e2993e37b4775ed66b1c291699608c9f"
      },
      "original": {
        "type": "tarball",
        "url": "https://channels.nixos.org/nixpkgs-unstable/nixexprs.tar.zst"
      }
    },
    "root": {
      "inputs": {
        "catppuccin": "catppuccin",
        "easy-hosts": "easy-hosts",
        "flake-parts": "flake-parts",
        "home-manager": "home-manager",
        "nixpkgs": "nixpkgs_2",
        "sops": "sops"
      }
    },
    "sops": {
      "inputs": {
        "nixpkgs": [
          "nixpkgs"
        ]
      },
      "locked": {
        "lastModified": 1791103873,
        "narHash": "sha256-nFxM+pKoZ8LJAEnUXARyCaOAloWgaW9kZQOSjWzKcTE=",
        "owner": "Mic92",
        "repo": "sops-nix",
        "rev": "dcd241ba97088c22569d1573286e1b9daad340c0",
        "type": "github"
      },
      "original": {
        "owner": "Mic92",
        "repo": "sops-nix",
        "type": "github"
      }
    }
  },
  "root": "root",
  "version": 7
}
